// !$*UTF8*$!
{
	archiveVersion = 1;
	classes = {
	};
	objectVersion = 46;
	objects = {

/* Begin PBXBuildFile section */
		012D06CD6C709CD56D22DBFD /* libPods-AlertViewController.a in Frameworks */ = {isa = PBXBuildFile; fileRef = 7BDAEA247E1210F495575995 /* libPods-AlertViewController.a */; };
		641DB7751E9B7EE0000D834D /* main.m in Sources */ = {isa = PBXBuildFile; fileRef = 641DB7741E9B7EE0000D834D /* main.m */; };
		641DB7781E9B7EE0000D834D /* AppDelegate.m in Sources */ = {isa = PBXBuildFile; fileRef = 641DB7771E9B7EE0000D834D /* AppDelegate.m */; };
		641DB77E1E9B7EE0000D834D /* Main.storyboard in Resources */ = {isa = PBXBuildFile; fileRef = 641DB77C1E9B7EE0000D834D /* Main.storyboard */; };
		641DB7801E9B7EE0000D834D /* Assets.xcassets in Resources */ = {isa = PBXBuildFile; fileRef = 641DB77F1E9B7EE0000D834D /* Assets.xcassets */; };
		641DB7831E9B7EE0000D834D /* LaunchScreen.storyboard in Resources */ = {isa = PBXBuildFile; fileRef = 641DB7811E9B7EE0000D834D /* LaunchScreen.storyboard */; };
		641DB78E1E9B7EE0000D834D /* AlertViewControllerTests.m in Sources */ = {isa = PBXBuildFile; fileRef = 641DB78D1E9B7EE0000D834D /* AlertViewControllerTests.m */; };
		641DB7991E9B7EE0000D834D /* AlertViewControllerUITests.m in Sources */ = {isa = PBXBuildFile; fileRef = 641DB7981E9B7EE0000D834D /* AlertViewControllerUITests.m */; };
		641DB7A91E9B7F03000D834D /* CKAlertViewController.m in Sources */ = {isa = PBXBuildFile; fileRef = 641DB7A81E9B7F03000D834D /* CKAlertViewController.m */; };
		649F35311EA5EC380072A045 /* AlertView.m in Sources */ = {isa = PBXBuildFile; fileRef = 649F35301EA5EC380072A045 /* AlertView.m */; };
		649F35351EA5EC4C0072A045 /* SSActionSheet.m in Sources */ = {isa = PBXBuildFile; fileRef = 649F35341EA5EC4C0072A045 /* SSActionSheet.m */; };
		649F35391EA5ED250072A045 /* MainViewController.m in Sources */ = {isa = PBXBuildFile; fileRef = 649F35381EA5ED250072A045 /* MainViewController.m */; };
/* End PBXBuildFile section */

/* Begin PBXContainerItemProxy section */
		641DB78A1E9B7EE0000D834D /* PBXContainerItemProxy */ = {
			isa = PBXContainerItemProxy;
			containerPortal = 641DB7681E9B7EE0000D834D /* Project object */;
			proxyType = 1;
			remoteGlobalIDString = 641DB76F1E9B7EE0000D834D;
			remoteInfo = AlertViewController;
		};
		641DB7951E9B7EE0000D834D /* PBXContainerItemProxy */ = {
			isa = PBXContainerItemProxy;
			containerPortal = 641DB7681E9B7EE0000D834D /* Project object */;
			proxyType = 1;
			remoteGlobalIDString = 641DB76F1E9B7EE0000D834D;
			remoteInfo = AlertViewController;
		};
/* End PBXContainerItemProxy section */

/* Begin PBXFileReference section */
		641DB7701E9B7EE0000D834D /* AlertViewController.app */ = {isa = PBXFileReference; explicitFileType = wrapper.application; includeInIndex = 0; path = AlertViewController.app; sourceTree = BUILT_PRODUCTS_DIR; };
		641DB7741E9B7EE0000D834D /* main.m */ = {isa = PBXFileReference; lastKnownFileType = sourcecode.c.objc; path = main.m; sourceTree = "<group>"; };
		641DB7761E9B7EE0000D834D /* AppDelegate.h */ = {isa = PBXFileReference; lastKnownFileType = sourcecode.c.h; path = AppDelegate.h; sourceTree = "<group>"; };
		641DB7771E9B7EE0000D834D /* AppDelegate.m */ = {isa = PBXFileReference; lastKnownFileType = sourcecode.c.objc; path = AppDelegate.m; sourceTree = "<group>"; };
		641DB77D1E9B7EE0000D834D /* Base */ = {isa = PBXFileReference; lastKnownFileType = file.storyboard; name = Base; path = Base.lproj/Main.storyboard; sourceTree = "<group>"; };
		641DB77F1E9B7EE0000D834D /* Assets.xcassets */ = {isa = PBXFileReference; lastKnownFileType = folder.assetcatalog; path = Assets.xcassets; sourceTree = "<group>"; };
		641DB7821E9B7EE0000D834D /* Base */ = {isa = PBXFileReference; lastKnownFileType = file.storyboard; name = Base; path = Base.lproj/LaunchScreen.storyboard; sourceTree = "<group>"; };
		641DB7841E9B7EE0000D834D /* Info.plist */ = {isa = PBXFileReference; lastKnownFileType = text.plist.xml; path = Info.plist; sourceTree = "<group>"; };
		641DB7891E9B7EE0000D834D /* AlertViewControllerTests.xctest */ = {isa = PBXFileReference; explicitFileType = wrapper.cfbundle; includeInIndex = 0; path = AlertViewControllerTests.xctest; sourceTree = BUILT_PRODUCTS_DIR; };
		641DB78D1E9B7EE0000D834D /* AlertViewControllerTests.m */ = {isa = PBXFileReference; lastKnownFileType = sourcecode.c.objc; path = AlertViewControllerTests.m; sourceTree = "<group>"; };
		641DB78F1E9B7EE0000D834D /* Info.plist */ = {isa = PBXFileReference; lastKnownFileType = text.plist.xml; path = Info.plist; sourceTree = "<group>"; };
		641DB7941E9B7EE0000D834D /* AlertViewControllerUITests.xctest */ = {isa = PBXFileReference; explicitFileType = wrapper.cfbundle; includeInIndex = 0; path = AlertViewControllerUITests.xctest; sourceTree = BUILT_PRODUCTS_DIR; };
		641DB7981E9B7EE0000D834D /* AlertViewControllerUITests.m */ = {isa = PBXFileReference; lastKnownFileType = sourcecode.c.objc; path = AlertViewControllerUITests.m; sourceTree = "<group>"; };
		641DB79A1E9B7EE0000D834D /* Info.plist */ = {isa = PBXFileReference; lastKnownFileType = text.plist.xml; path = Info.plist; sourceTree = "<group>"; };
		641DB7A71E9B7F03000D834D /* CKAlertViewController.h */ = {isa = PBXFileReference; fileEncoding = 4; lastKnownFileType = sourcecode.c.h; path = CKAlertViewController.h; sourceTree = "<group>"; };
		641DB7A81E9B7F03000D834D /* CKAlertViewController.m */ = {isa = PBXFileReference; fileEncoding = 4; lastKnownFileType = sourcecode.c.objc; path = CKAlertViewController.m; sourceTree = "<group>"; };
		649F352F1EA5EC380072A045 /* AlertView.h */ = {isa = PBXFileReference; fileEncoding = 4; lastKnownFileType = sourcecode.c.h; path = AlertView.h; sourceTree = "<group>"; };
		649F35301EA5EC380072A045 /* AlertView.m */ = {isa = PBXFileReference; fileEncoding = 4; lastKnownFileType = sourcecode.c.objc; path = AlertView.m; sourceTree = "<group>"; };
		649F35331EA5EC4C0072A045 /* SSActionSheet.h */ = {isa = PBXFileReference; fileEncoding = 4; lastKnownFileType = sourcecode.c.h; path = SSActionSheet.h; sourceTree = "<group>"; };
		649F35341EA5EC4C0072A045 /* SSActionSheet.m */ = {isa = PBXFileReference; fileEncoding = 4; lastKnownFileType = sourcecode.c.objc; path = SSActionSheet.m; sourceTree = "<group>"; };
		649F35371EA5ED250072A045 /* MainViewController.h */ = {isa = PBXFileReference; fileEncoding = 4; lastKnownFileType = sourcecode.c.h; path = MainViewController.h; sourceTree = "<group>"; };
		649F35381EA5ED250072A045 /* MainViewController.m */ = {isa = PBXFileReference; fileEncoding = 4; lastKnownFileType = sourcecode.c.objc; path = MainViewController.m; sourceTree = "<group>"; };
		7BDAEA247E1210F495575995 /* libPods-AlertViewController.a */ = {isa = PBXFileReference; explicitFileType = archive.ar; includeInIndex = 0; path = "libPods-AlertViewController.a"; sourceTree = BUILT_PRODUCTS_DIR; };
		A4006E77EC17329CB9DDE6AC /* Pods-AlertViewController.release.xcconfig */ = {isa = PBXFileReference; includeInIndex = 1; lastKnownFileType = text.xcconfig; name = "Pods-AlertViewController.release.xcconfig"; path = "Pods/Target Support Files/Pods-AlertViewController/Pods-AlertViewController.release.xcconfig"; sourceTree = "<group>"; };
		ADE3851EA8FF5F96833DF45A /* Pods-AlertViewController.debug.xcconfig */ = {isa = PBXFileReference; includeInIndex = 1; lastKnownFileType = text.xcconfig; name = "Pods-AlertViewController.debug.xcconfig"; path = "Pods/Target Support Files/Pods-AlertViewController/Pods-AlertViewController.debug.xcconfig"; sourceTree = "<group>"; };
/* End PBXFileReference section */

/* Begin PBXFrameworksBuildPhase section */
		641DB76D1E9B7EE0000D834D /* Frameworks */ = {
			isa = PBXFrameworksBuildPhase;
			buildActionMask = 2147483647;
			files = (
				012D06CD6C709CD56D22DBFD /* libPods-AlertViewController.a in Frameworks */,
			);
			runOnlyForDeploymentPostprocessing = 0;
		};
		641DB7861E9B7EE0000D834D /* Frameworks */ = {
			isa = PBXFrameworksBuildPhase;
			buildActionMask = 2147483647;
			files = (
			);
			runOnlyForDeploymentPostprocessing = 0;
		};
		641DB7911E9B7EE0000D834D /* Frameworks */ = {
			isa = PBXFrameworksBuildPhase;
			buildActionMask = 2147483647;
			files = (
			);
			runOnlyForDeploymentPostprocessing = 0;
		};
/* End PBXFrameworksBuildPhase section */

/* Begin PBXGroup section */
		4369D4CFA1651A82A77BF06C /* Frameworks */ = {
			isa = PBXGroup;
			children = (
				7BDAEA247E1210F495575995 /* libPods-AlertViewController.a */,
			);
			name = Frameworks;
			sourceTree = "<group>";
		};
		641DB7671E9B7EE0000D834D = {
			isa = PBXGroup;
			children = (
				641DB7721E9B7EE0000D834D /* AlertViewController */,
				641DB78C1E9B7EE0000D834D /* AlertViewControllerTests */,
				641DB7971E9B7EE0000D834D /* AlertViewControllerUITests */,
				641DB7711E9B7EE0000D834D /* Products */,
				D4694F9C1F2502480124D611 /* Pods */,
				4369D4CFA1651A82A77BF06C /* Frameworks */,
			);
			sourceTree = "<group>";
		};
		641DB7711E9B7EE0000D834D /* Products */ = {
			isa = PBXGroup;
			children = (
				641DB7701E9B7EE0000D834D /* AlertViewController.app */,
				641DB7891E9B7EE0000D834D /* AlertViewControllerTests.xctest */,
				641DB7941E9B7EE0000D834D /* AlertViewControllerUITests.xctest */,
			);
			name = Products;
			sourceTree = "<group>";
		};
		641DB7721E9B7EE0000D834D /* AlertViewController */ = {
			isa = PBXGroup;
			children = (
				649F35361EA5ED150072A045 /* MainViewController */,
				649F35321EA5EC4C0072A045 /* SSActionSheet */,
				649F352E1EA5EC380072A045 /* AlertView */,
				641DB7A61E9B7F03000D834D /* CKAlertViewController */,
				641DB7761E9B7EE0000D834D /* AppDelegate.h */,
				641DB7771E9B7EE0000D834D /* AppDelegate.m */,
				641DB77C1E9B7EE0000D834D /* Main.storyboard */,
				641DB77F1E9B7EE0000D834D /* Assets.xcassets */,
				641DB7811E9B7EE0000D834D /* LaunchScreen.storyboard */,
				641DB7841E9B7EE0000D834D /* Info.plist */,
				641DB7731E9B7EE0000D834D /* Supporting Files */,
			);
			path = AlertViewController;
			sourceTree = "<group>";
		};
		641DB7731E9B7EE0000D834D /* Supporting Files */ = {
			isa = PBXGroup;
			children = (
				641DB7741E9B7EE0000D834D /* main.m */,
			);
			name = "Supporting Files";
			sourceTree = "<group>";
		};
		641DB78C1E9B7EE0000D834D /* AlertViewControllerTests */ = {
			isa = PBXGroup;
			children = (
				641DB78D1E9B7EE0000D834D /* AlertViewControllerTests.m */,
				641DB78F1E9B7EE0000D834D /* Info.plist */,
			);
			path = AlertViewControllerTests;
			sourceTree = "<group>";
		};
		641DB7971E9B7EE0000D834D /* AlertViewControllerUITests */ = {
			isa = PBXGroup;
			children = (
				641DB7981E9B7EE0000D834D /* AlertViewControllerUITests.m */,
				641DB79A1E9B7EE0000D834D /* Info.plist */,
			);
			path = AlertViewControllerUITests;
			sourceTree = "<group>";
		};
		641DB7A61E9B7F03000D834D /* CKAlertViewController */ = {
			isa = PBXGroup;
			children = (
				641DB7A71E9B7F03000D834D /* CKAlertViewController.h */,
				641DB7A81E9B7F03000D834D /* CKAlertViewController.m */,
			);
			path = CKAlertViewController;
			sourceTree = "<group>";
		};
		649F352E1EA5EC380072A045 /* AlertView */ = {
			isa = PBXGroup;
			children = (
				649F352F1EA5EC380072A045 /* AlertView.h */,
				649F35301EA5EC380072A045 /* AlertView.m */,
			);
			path = AlertView;
			sourceTree = "<group>";
		};
		649F35321EA5EC4C0072A045 /* SSActionSheet */ = {
			isa = PBXGroup;
			children = (
				649F35331EA5EC4C0072A045 /* SSActionSheet.h */,
				649F35341EA5EC4C0072A045 /* SSActionSheet.m */,
			);
			path = SSActionSheet;
			sourceTree = "<group>";
		};
		649F35361EA5ED150072A045 /* MainViewController */ = {
			isa = PBXGroup;
			children = (
				649F35371EA5ED250072A045 /* MainViewController.h */,
				649F35381EA5ED250072A045 /* MainViewController.m */,
			);
			path = MainViewController;
			sourceTree = "<group>";
		};
		D4694F9C1F2502480124D611 /* Pods */ = {
			isa = PBXGroup;
			children = (
				ADE3851EA8FF5F96833DF45A /* Pods-AlertViewController.debug.xcconfig */,
				A4006E77EC17329CB9DDE6AC /* Pods-AlertViewController.release.xcconfig */,
			);
			name = Pods;
			sourceTree = "<group>";
		};
/* End PBXGroup section */

/* Begin PBXNativeTarget section */
		641DB76F1E9B7EE0000D834D /* AlertViewController */ = {
			isa = PBXNativeTarget;
			buildConfigurationList = 641DB79D1E9B7EE0000D834D /* Build configuration list for PBXNativeTarget "AlertViewController" */;
			buildPhases = (
				185E18CE708CD55697B3BC93 /* [CP] Check Pods Manifest.lock */,
				641DB76C1E9B7EE0000D834D /* Sources */,
				641DB76D1E9B7EE0000D834D /* Frameworks */,
				641DB76E1E9B7EE0000D834D /* Resources */,
				C6B47FA8847F064B9470A2B0 /* [CP] Embed Pods Frameworks */,
				AC602C3DEB9D6F5CC2CD33B7 /* [CP] Copy Pods Resources */,
			);
			buildRules = (
			);
			dependencies = (
			);
			name = AlertViewController;
			productName = AlertViewController;
			productReference = 641DB7701E9B7EE0000D834D /* AlertViewController.app */;
			productType = "com.apple.product-type.application";
		};
		641DB7881E9B7EE0000D834D /* AlertViewControllerTests */ = {
			isa = PBXNativeTarget;
			buildConfigurationList = 641DB7A01E9B7EE0000D834D /* Build configuration list for PBXNativeTarget "AlertViewControllerTests" */;
			buildPhases = (
				641DB7851E9B7EE0000D834D /* Sources */,
				641DB7861E9B7EE0000D834D /* Frameworks */,
				641DB7871E9B7EE0000D834D /* Resources */,
			);
			buildRules = (
			);
			dependencies = (
				641DB78B1E9B7EE0000D834D /* PBXTargetDependency */,
			);
			name = AlertViewControllerTests;
			productName = AlertViewControllerTests;
			productReference = 641DB7891E9B7EE0000D834D /* AlertViewControllerTests.xctest */;
			productType = "com.apple.product-type.bundle.unit-test";
		};
		641DB7931E9B7EE0000D834D /* AlertViewControllerUITests */ = {
			isa = PBXNativeTarget;
			buildConfigurationList = 641DB7A31E9B7EE0000D834D /* Build configuration list for PBXNativeTarget "AlertViewControllerUITests" */;
			buildPhases = (
				641DB7901E9B7EE0000D834D /* Sources */,
				641DB7911E9B7EE0000D834D /* Frameworks */,
				641DB7921E9B7EE0000D834D /* Resources */,
			);
			buildRules = (
			);
			dependencies = (
				641DB7961E9B7EE0000D834D /* PBXTargetDependency */,
			);
			name = AlertViewControllerUITests;
			productName = AlertViewControllerUITests;
			productReference = 641DB7941E9B7EE0000D834D /* AlertViewControllerUITests.xctest */;
			productType = "com.apple.product-type.bundle.ui-testing";
		};
/* End PBXNativeTarget section */

/* Begin PBXProject section */
		641DB7681E9B7EE0000D834D /* Project object */ = {
			isa = PBXProject;
			attributes = {
				LastUpgradeCheck = 0820;
				ORGANIZATIONNAME = shen;
				TargetAttributes = {
					641DB76F1E9B7EE0000D834D = {
						CreatedOnToolsVersion = 8.2.1;
						DevelopmentTeam = 3LNCXDL3W9;
						ProvisioningStyle = Automatic;
					};
					641DB7881E9B7EE0000D834D = {
						CreatedOnToolsVersion = 8.2.1;
						DevelopmentTeam = 3LNCXDL3W9;
						ProvisioningStyle = Automatic;
						TestTargetID = 641DB76F1E9B7EE0000D834D;
					};
					641DB7931E9B7EE0000D834D = {
						CreatedOnToolsVersion = 8.2.1;
						DevelopmentTeam = 3LNCXDL3W9;
						ProvisioningStyle = Automatic;
						TestTargetID = 641DB76F1E9B7EE0000D834D;
					};
				};
			};
			buildConfigurationList = 641DB76B1E9B7EE0000D834D /* Build configuration list for PBXProject "AlertViewController" */;
			compatibilityVersion = "Xcode 3.2";
			developmentRegion = English;
			hasScannedForEncodings = 0;
			knownRegions = (
				en,
				Base,
			);
			mainGroup = 641DB7671E9B7EE0000D834D;
			productRefGroup = 641DB7711E9B7EE0000D834D /* Products */;
			projectDirPath = "";
			projectRoot = "";
			targets = (
				641DB76F1E9B7EE0000D834D /* AlertViewController */,
				641DB7881E9B7EE0000D834D /* AlertViewControllerTests */,
				641DB7931E9B7EE0000D834D /* AlertViewControllerUITests */,
			);
		};
/* End PBXProject section */

/* Begin PBXResourcesBuildPhase section */
		641DB76E1E9B7EE0000D834D /* Resources */ = {
			isa = PBXResourcesBuildPhase;
			buildActionMask = 2147483647;
			files = (
				641DB7831E9B7EE0000D834D /* LaunchScreen.storyboard in Resources */,
				641DB7801E9B7EE0000D834D /* Assets.xcassets in Resources */,
				641DB77E1E9B7EE0000D834D /* Main.storyboard in Resources */,
			);
			runOnlyForDeploymentPostprocessing = 0;
		};
		641DB7871E9B7EE0000D834D /* Resources */ = {
			isa = PBXResourcesBuildPhase;
			buildActionMask = 2147483647;
			files = (
			);
			runOnlyForDeploymentPostprocessing = 0;
		};
		641DB7921E9B7EE0000D834D /* Resources */ = {
			isa = PBXResourcesBuildPhase;
			buildActionMask = 2147483647;
			files = (
			);
			runOnlyForDeploymentPostprocessing = 0;
		};
/* End PBXResourcesBuildPhase section */

/* Begin PBXShellScriptBuildPhase section */
		185E18CE708CD55697B3BC93 /* [CP] Check Pods Manifest.lock */ = {
			isa = PBXShellScriptBuildPhase;
			buildActionMask = 2147483647;
			files = (
			);
			inputPaths = (
			);
			name = "[CP] Check Pods Manifest.lock";
			outputPaths = (
			);
			runOnlyForDeploymentPostprocessing = 0;
			shellPath = /bin/sh;
			shellScript = "diff \"${PODS_ROOT}/../Podfile.lock\" \"${PODS_ROOT}/Manifest.lock\" > /dev/null\nif [ $? != 0 ] ; then\n    # print error to STDERR\n    echo \"error: The sandbox is not in sync with the Podfile.lock. Run 'pod install' or update your CocoaPods installation.\" >&2\n    exit 1\nfi\n";
			showEnvVarsInLog = 0;
		};
		AC602C3DEB9D6F5CC2CD33B7 /* [CP] Copy Pods Resources */ = {
			isa = PBXShellScriptBuildPhase;
			buildActionMask = 2147483647;
			files = (
			);
			inputPaths = (
			);
			name = "[CP] Copy Pods Resources";
			outputPaths = (
			);
			runOnlyForDeploymentPostprocessing = 0;
			shellPath = /bin/sh;
			shellScript = "\"${SRCROOT}/Pods/Target Support Files/Pods-AlertViewController/Pods-AlertViewController-resources.sh\"\n";
			showEnvVarsInLog = 0;
		};
		C6B47FA8847F064B9470A2B0 /* [CP] Embed Pods Frameworks */ = {
			isa = PBXShellScriptBuildPhase;
			buildActionMask = 2147483647;
			files = (
			);
			inputPaths = (
			);
			name = "[CP] Embed Pods Frameworks";
			outputPaths = (
			);
			runOnlyForDeploymentPostprocessing = 0;
			shellPath = /bin/sh;
			shellScript = "\"${SRCROOT}/Pods/Target Support Files/Pods-AlertViewController/Pods-AlertViewController-frameworks.sh\"\n";
			showEnvVarsInLog = 0;
		};
/* End PBXShellScriptBuildPhase section */

/* Begin PBXSourcesBuildPhase section */
		641DB76C1E9B7EE0000D834D /* Sources */ = {
			isa = PBXSourcesBuildPhase;
			buildActionMask = 2147483647;
			files = (
				649F35311EA5EC380072A045 /* AlertView.m in Sources */,
				649F35351EA5EC4C0072A045 /* SSActionSheet.m in Sources */,
				641DB7781E9B7EE0000D834D /* AppDelegate.m in Sources */,
				649F35391EA5ED250072A045 /* MainViewController.m in Sources */,
				641DB7751E9B7EE0000D834D /* main.m in Sources */,
				641DB7A91E9B7F03000D834D /* CKAlertViewController.m in Sources */,
			);
			runOnlyForDeploymentPostprocessing = 0;
		};
		641DB7851E9B7EE0000D834D /* Sources */ = {
			isa = PBXSourcesBuildPhase;
			buildActionMask = 2147483647;
			files = (
				641DB78E1E9B7EE0000D834D /* AlertViewControllerTests.m in Sources */,
			);
			runOnlyForDeploymentPostprocessing = 0;
		};
		641DB7901E9B7EE0000D834D /* Sources */ = {
			isa = PBXSourcesBuildPhase;
			buildActionMask = 2147483647;
			files = (
				641DB7991E9B7EE0000D834D /* AlertViewControllerUITests.m in Sources */,
			);
			runOnlyForDeploymentPostprocessing = 0;
		};
/* End PBXSourcesBuildPhase section */

/* Begin PBXTargetDependency section */
		641DB78B1E9B7EE0000D834D /* PBXTargetDependency */ = {
			isa = PBXTargetDependency;
			target = 641DB76F1E9B7EE0000D834D /* AlertViewController */;
			targetProxy = 641DB78A1E9B7EE0000D834D /* PBXContainerItemProxy */;
		};
		641DB7961E9B7EE0000D834D /* PBXTargetDependency */ = {
			isa = PBXTargetDependency;
			target = 641DB76F1E9B7EE0000D834D /* AlertViewController */;
			targetProxy = 641DB7951E9B7EE0000D834D /* PBXContainerItemProxy */;
		};
/* End PBXTargetDependency section */

/* Begin PBXVariantGroup section */
		641DB77C1E9B7EE0000D834D /* Main.storyboard */ = {
			isa = PBXVariantGroup;
			children = (
				641DB77D1E9B7EE0000D834D /* Base */,
			);
			name = Main.storyboard;
			sourceTree = "<group>";
		};
		641DB7811E9B7EE0000D834D /* LaunchScreen.storyboard */ = {
			isa = PBXVariantGroup;
			children = (
				641DB7821E9B7EE0000D834D /* Base */,
			);
			name = LaunchScreen.storyboard;
			sourceTree = "<group>";
		};
/* End PBXVariantGroup section */

/* Begin XCBuildConfiguration section */
		641DB79B1E9B7EE0000D834D /* Debug */ = {
			isa = XCBuildConfiguration;
			buildSettings = {
				ALWAYS_SEARCH_USER_PATHS = NO;
				CLANG_ANALYZER_NONNULL = YES;
				CLANG_CXX_LANGUAGE_STANDARD = "gnu++0x";
				CLANG_CXX_LIBRARY = "libc++";
				CLANG_ENABLE_MODULES = YES;
				CLANG_ENABLE_OBJC_ARC = YES;
				CLANG_WARN_BOOL_CONVERSION = YES;
				CLANG_WARN_CONSTANT_CONVERSION = YES;
				CLANG_WARN_DIRECT_OBJC_ISA_USAGE = YES_ERROR;
				CLANG_WARN_DOCUMENTATION_COMMENTS = YES;
				CLANG_WARN_EMPTY_BODY = YES;
				CLANG_WARN_ENUM_CONVERSION = YES;
				CLANG_WARN_INFINITE_RECURSION = YES;
				CLANG_WARN_INT_CONVERSION = YES;
				CLANG_WARN_OBJC_ROOT_CLASS = YES_ERROR;
				CLANG_WARN_SUSPICIOUS_MOVE = YES;
				CLANG_WARN_UNREACHABLE_CODE = YES;
				CLANG_WARN__DUPLICATE_METHOD_MATCH = YES;
				"CODE_SIGN_IDENTITY[sdk=iphoneos*]" = "iPhone Developer";
				COPY_PHASE_STRIP = NO;
				DEBUG_INFORMATION_FORMAT = dwarf;
				ENABLE_STRICT_OBJC_MSGSEND = YES;
				ENABLE_TESTABILITY = YES;
				GCC_C_LANGUAGE_STANDARD = gnu99;
				GCC_DYNAMIC_NO_PIC = NO;
				GCC_NO_COMMON_BLOCKS = YES;
				GCC_OPTIMIZATION_LEVEL = 0;
				GCC_PREPROCESSOR_DEFINITIONS = (
					"DEBUG=1",
					"$(inherited)",
				);
				GCC_WARN_64_TO_32_BIT_CONVERSION = YES;
				GCC_WARN_ABOUT_RETURN_TYPE = YES_ERROR;
				GCC_WARN_UNDECLARED_SELECTOR = YES;
				GCC_WARN_UNINITIALIZED_AUTOS = YES_AGGRESSIVE;
				GCC_WARN_UNUSED_FUNCTION = YES;
				GCC_WARN_UNUSED_VARIABLE = YES;
				IPHONEOS_DEPLOYMENT_TARGET = 10.2;
				MTL_ENABLE_DEBUG_INFO = YES;
				ONLY_ACTIVE_ARCH = YES;
				SDKROOT = iphoneos;
				TARGETED_DEVICE_FAMILY = "1,2";
			};
			name = Debug;
		};
		641DB79C1E9B7EE0000D834D /* Release */ = {
			isa = XCBuildConfiguration;
			buildSettings = {
				ALWAYS_SEARCH_USER_PATHS = NO;
				CLANG_ANALYZER_NONNULL = YES;
				CLANG_CXX_LANGUAGE_STANDARD = "gnu++0x";
				CLANG_CXX_LIBRARY = "libc++";
				CLANG_ENABLE_MODULES = YES;
				CLANG_ENABLE_OBJC_ARC = YES;
				CLANG_WARN_BOOL_CONVERSION = YES;
				CLANG_WARN_CONSTANT_CONVERSION = YES;
				CLANG_WARN_DIRECT_OBJC_ISA_USAGE = YES_ERROR;
				CLANG_WARN_DOCUMENTATION_COMMENTS = YES;
				CLANG_WARN_EMPTY_BODY = YES;
				CLANG_WARN_ENUM_CONVERSION = YES;
				CLANG_WARN_INFINITE_RECURSION = YES;
				CLANG_WARN_INT_CONVERSION = YES;
				CLANG_WARN_OBJC_ROOT_CLASS = YES_ERROR;
				CLANG_WARN_SUSPICIOUS_MOVE = YES;
				CLANG_WARN_UNREACHABLE_CODE = YES;
				CLANG_WARN__DUPLICATE_METHOD_MATCH = YES;
				"CODE_SIGN_IDENTITY[sdk=iphoneos*]" = "iPhone Developer";
				COPY_PHASE_STRIP = NO;
				DEBUG_INFORMATION_FORMAT = "dwarf-with-dsym";
				ENABLE_NS_ASSERTIONS = NO;
				ENABLE_STRICT_OBJC_MSGSEND = YES;
				GCC_C_LANGUAGE_STANDARD = gnu99;
				GCC_NO_COMMON_BLOCKS = YES;
				GCC_WARN_64_TO_32_BIT_CONVERSION = YES;
				GCC_WARN_ABOUT_RETURN_TYPE = YES_ERROR;
				GCC_WARN_UNDECLARED_SELECTOR = YES;
				GCC_WARN_UNINITIALIZED_AUTOS = YES_AGGRESSIVE;
				GCC_WARN_UNUSED_FUNCTION = YES;
				GCC_WARN_UNUSED_VARIABLE = YES;
				IPHONEOS_DEPLOYMENT_TARGET = 10.2;
				MTL_ENABLE_DEBUG_INFO = NO;
				SDKROOT = iphoneos;
				TARGETED_DEVICE_FAMILY = "1,2";
				VALIDATE_PRODUCT = YES;
			};
			name = Release;
		};
		641DB79E1E9B7EE0000D834D /* Debug */ = {
			isa = XCBuildConfiguration;
			baseConfigurationReference = ADE3851EA8FF5F96833DF45A /* Pods-AlertViewController.debug.xcconfig */;
			buildSettings = {
				ASSETCATALOG_COMPILER_APPICON_NAME = AppIcon;
				DEVELOPMENT_TEAM = 3LNCXDL3W9;
				INFOPLIST_FILE = AlertViewController/Info.plist;
				LD_RUNPATH_SEARCH_PATHS = "$(inherited) @executable_path/Frameworks";
				PRODUCT_BUNDLE_IDENTIFIER = com.shenn13.AlertViewController;
				PRODUCT_NAME = "$(TARGET_NAME)";
			};
			name = Debug;
		};
		641DB79F1E9B7EE0000D834D /* Release */ = {
			isa = XCBuildConfiguration;
			baseConfigurationReference = A4006E77EC17329CB9DDE6AC /* Pods-AlertViewController.release.xcconfig */;
			buildSettings = {
				ASSETCATALOG_COMPILER_APPICON_NAME = AppIcon;
				DEVELOPMENT_TEAM = 3LNCXDL3W9;
				INFOPLIST_FILE = AlertViewController/Info.plist;
				LD_RUNPATH_SEARCH_PATHS = "$(inherited) @executable_path/Frameworks";
				PRODUCT_BUNDLE_IDENTIFIER = com.shenn13.AlertViewController;
				PRODUCT_NAME = "$(TARGET_NAME)";
			};
			name = Release;
		};
		641DB7A11E9B7EE0000D834D /* Debug */ = {
			isa = XCBuildConfiguration;
			buildSettings = {
				BUNDLE_LOADER = "$(TEST_HOST)";
				DEVELOPMENT_TEAM = 3LNCXDL3W9;
				INFOPLIST_FILE = AlertViewControllerTests/Info.plist;
				LD_RUNPATH_SEARCH_PATHS = "$(inherited) @executable_path/Frameworks @loader_path/Frameworks";
				PRODUCT_BUNDLE_IDENTIFIER = com.shenn13.AlertViewControllerTests;
				PRODUCT_NAME = "$(TARGET_NAME)";
				TEST_HOST = "$(BUILT_PRODUCTS_DIR)/AlertViewController.app/AlertViewController";
			};
			name = Debug;
		};
		641DB7A21E9B7EE0000D834D /* Release */ = {
			isa = XCBuildConfiguration;
			buildSettings = {
				BUNDLE_LOADER = "$(TEST_HOST)";
				DEVELOPMENT_TEAM = 3LNCXDL3W9;
				INFOPLIST_FILE = AlertViewControllerTests/Info.plist;
				LD_RUNPATH_SEARCH_PATHS = "$(inherited) @executable_path/Frameworks @loader_path/Frameworks";
				PRODUCT_BUNDLE_IDENTIFIER = com.shenn13.AlertViewControllerTests;
				PRODUCT_NAME = "$(TARGET_NAME)";
				TEST_HOST = "$(BUILT_PRODUCTS_DIR)/AlertViewController.app/AlertViewController";
			};
			name = Release;
		};
		641DB7A41E9B7EE0000D834D /* Debug */ = {
			isa = XCBuildConfiguration;
			buildSettings = {
				DEVELOPMENT_TEAM = 3LNCXDL3W9;
				INFOPLIST_FILE = AlertViewControllerUITests/Info.plist;
				LD_RUNPATH_SEARCH_PATHS = "$(inherited) @executable_path/Frameworks @loader_path/Frameworks";
				PRODUCT_BUNDLE_IDENTIFIER = com.shenn13.AlertViewControllerUITests;
				PRODUCT_NAME = "$(TARGET_NAME)";
				TEST_TARGET_NAME = AlertViewController;
			};
			name = Debug;
		};
		641DB7A51E9B7EE0000D834D /* Release */ = {
			isa = XCBuildConfiguration;
			buildSettings = {
				DEVELOPMENT_TEAM = 3LNCXDL3W9;
				INFOPLIST_FILE = AlertViewControllerUITests/Info.plist;
				LD_RUNPATH_SEARCH_PATHS = "$(inherited) @executable_path/Frameworks @loader_path/Frameworks";
				PRODUCT_BUNDLE_IDENTIFIER = com.shenn13.AlertViewControllerUITests;
				PRODUCT_NAME = "$(TARGET_NAME)";
				TEST_TARGET_NAME = AlertViewController;
			};
			name = Release;
		};
/* End XCBuildConfiguration section */

/* Begin XCConfigurationList section */
		641DB76B1E9B7EE0000D834D /* Build configuration list for PBXProject "AlertViewController" */ = {
			isa = XCConfigurationList;
			buildConfigurations = (
				641DB79B1E9B7EE0000D834D /* Debug */,
				641DB79C1E9B7EE0000D834D /* Release */,
			);
			defaultConfigurationIsVisible = 0;
			defaultConfigurationName = Release;
		};
		641DB79D1E9B7EE0000D834D /* Build configuration list for PBXNativeTarget "AlertViewController" */ = {
			isa = XCConfigurationList;
			buildConfigurations = (
				641DB79E1E9B7EE0000D834D /* Debug */,
				641DB79F1E9B7EE0000D834D /* Release */,
			);
			defaultConfigurationIsVisible = 0;
			defaultConfigurationName = Release;
		};
		641DB7A01E9B7EE0000D834D /* Build configuration list for PBXNativeTarget "AlertViewControllerTests" */ = {
			isa = XCConfigurationList;
			buildConfigurations = (
				641DB7A11E9B7EE0000D834D /* Debug */,
				641DB7A21E9B7EE0000D834D /* Release */,
			);
			defaultConfigurationIsVisible = 0;
			defaultConfigurationName = Release;
		};
		641DB7A31E9B7EE0000D834D /* Build configuration list for PBXNativeTarget "AlertViewControllerUITests" */ = {
			isa = XCConfigurationList;
			buildConfigurations = (
				641DB7A41E9B7EE0000D834D /* Debug */,
				641DB7A51E9B7EE0000D834D /* Release */,
			);
			defaultConfigurationIsVisible = 0;
			defaultConfigurationName = Release;
		};
/* End XCConfigurationList section */
	};
	rootObject = 641DB7681E9B7EE0000D834D /* Project object */;
}
